// !$*UTF8*$!
{
	archiveVersion = 1;
	classes = {
	};
	objectVersion = 56;
	objects = {

/* Begin PBXBuildFile section */
		2C30529829548D7800820B3F /* ServiceAssembly.swift in Sources */ = {isa = PBXBuildFile; fileRef = 2C30529729548D7800820B3F /* ServiceAssembly.swift */; };
		2C30529A29548DAB00820B3F /* CoreDataService.swift in Sources */ = {isa = PBXBuildFile; fileRef = 2C30529929548DAB00820B3F /* CoreDataService.swift */; };
		2C30529D29548FC100820B3F /* NoteModel.swift in Sources */ = {isa = PBXBuildFile; fileRef = 2C30529C29548FC100820B3F /* NoteModel.swift */; };
		2C3052A02954919700820B3F /* ConsoleLogger.swift in Sources */ = {isa = PBXBuildFile; fileRef = 2C30529F2954919700820B3F /* ConsoleLogger.swift */; };
		2C3052A22954A1CE00820B3F /* NoteListFetchedResultsManager.swift in Sources */ = {isa = PBXBuildFile; fileRef = 2C3052A12954A1CE00820B3F /* NoteListFetchedResultsManager.swift */; };
		2C3052A42954A33200820B3F /* NoteListCell.swift in Sources */ = {isa = PBXBuildFile; fileRef = 2C3052A32954A33200820B3F /* NoteListCell.swift */; };
		2C3052A62954A5A000820B3F /* NoteListDataSourceProvider.swift in Sources */ = {isa = PBXBuildFile; fileRef = 2C3052A52954A5A000820B3F /* NoteListDataSourceProvider.swift */; };
		2C3052A92954A68200820B3F /* UIImage+GraphicsImageRenderer.swift in Sources */ = {isa = PBXBuildFile; fileRef = 2C3052A82954A68200820B3F /* UIImage+GraphicsImageRenderer.swift */; };
		2C50379B2953957D00493908 /* .gitignore in Resources */ = {isa = PBXBuildFile; fileRef = 2C50379A2953957D00493908 /* .gitignore */; };
		2C50379D295396DC00493908 /* .swiftlint.yml in Resources */ = {isa = PBXBuildFile; fileRef = 2C50379C295396DC00493908 /* .swiftlint.yml */; };
		2C69902D2958BCD600946838 /* FontModel.swift in Sources */ = {isa = PBXBuildFile; fileRef = 2C69902C2958BCD600946838 /* FontModel.swift */; };
		2C6990302958DF3E00946838 /* PickerViewDataSource.swift in Sources */ = {isa = PBXBuildFile; fileRef = 2C69902F2958DF3E00946838 /* PickerViewDataSource.swift */; };
		2C7B8C5D2959CA55001C3ADB /* SplashScreenViewController.swift in Sources */ = {isa = PBXBuildFile; fileRef = 2C7B8C5B2959CA55001C3ADB /* SplashScreenViewController.swift */; };
		2C7B8C5E2959CA55001C3ADB /* SplashScreenViewController.xib in Resources */ = {isa = PBXBuildFile; fileRef = 2C7B8C5C2959CA55001C3ADB /* SplashScreenViewController.xib */; };
		2C7B8C602959CAF1001C3ADB /* SplashScreenPresenter.swift in Sources */ = {isa = PBXBuildFile; fileRef = 2C7B8C5F2959CAF1001C3ADB /* SplashScreenPresenter.swift */; };
		2C7B8C622959CB7C001C3ADB /* SplashScreenAnimator.swift in Sources */ = {isa = PBXBuildFile; fileRef = 2C7B8C612959CB7C001C3ADB /* SplashScreenAnimator.swift */; };
		2C7B8C682959FC60001C3ADB /* Screenshot001.png in Resources */ = {isa = PBXBuildFile; fileRef = 2C7B8C652959FC60001C3ADB /* Screenshot001.png */; };
		2C7B8C692959FC60001C3ADB /* Screenshot002.png in Resources */ = {isa = PBXBuildFile; fileRef = 2C7B8C662959FC60001C3ADB /* Screenshot002.png */; };
		2C7B8C6A2959FC60001C3ADB /* Screenshot000.png in Resources */ = {isa = PBXBuildFile; fileRef = 2C7B8C672959FC60001C3ADB /* Screenshot000.png */; };
		2CAD3D00295380030062660B /* AppDelegate.swift in Sources */ = {isa = PBXBuildFile; fileRef = 2CAD3CFF295380030062660B /* AppDelegate.swift */; };
		2CAD3D0A295380030062660B /* Notes.xcdatamodeld in Sources */ = {isa = PBXBuildFile; fileRef = 2CAD3D08295380030062660B /* Notes.xcdatamodeld */; };
		2CAD3D0C295380040062660B /* Assets.xcassets in Resources */ = {isa = PBXBuildFile; fileRef = 2CAD3D0B295380040062660B /* Assets.xcassets */; };
		2CAD3D0F295380040062660B /* LaunchScreen.storyboard in Resources */ = {isa = PBXBuildFile; fileRef = 2CAD3D0D295380040062660B /* LaunchScreen.storyboard */; };
		2CAD3D212953854A0062660B /* NoteListPresenter.swift in Sources */ = {isa = PBXBuildFile; fileRef = 2CAD3D202953854A0062660B /* NoteListPresenter.swift */; };
		2CAD3D23295385630062660B /* NoteListInteractor.swift in Sources */ = {isa = PBXBuildFile; fileRef = 2CAD3D22295385630062660B /* NoteListInteractor.swift */; };
		2CAD3D25295385780062660B /* NoteListRouter.swift in Sources */ = {isa = PBXBuildFile; fileRef = 2CAD3D24295385780062660B /* NoteListRouter.swift */; };
		2CAD3D28295385EA0062660B /* NoteListConfigurator.swift in Sources */ = {isa = PBXBuildFile; fileRef = 2CAD3D27295385EA0062660B /* NoteListConfigurator.swift */; };
		2CAD64ED295386BF00F70D72 /* NoteListViewController.swift in Sources */ = {isa = PBXBuildFile; fileRef = 2CAD64EB295386BF00F70D72 /* NoteListViewController.swift */; };
		2CAD64EE295386BF00F70D72 /* NoteListViewController.xib in Resources */ = {isa = PBXBuildFile; fileRef = 2CAD64EC295386BF00F70D72 /* NoteListViewController.xib */; };
		2CAD64F029538BD500F70D72 /* PresentationAssembly.swift in Sources */ = {isa = PBXBuildFile; fileRef = 2CAD64EF29538BD500F70D72 /* PresentationAssembly.swift */; };
		2CEEC8C52955AE8400C8AC4D /* NoteViewController.swift in Sources */ = {isa = PBXBuildFile; fileRef = 2CEEC8C32955AE8400C8AC4D /* NoteViewController.swift */; };
		2CEEC8C62955AE8400C8AC4D /* NoteViewController.xib in Resources */ = {isa = PBXBuildFile; fileRef = 2CEEC8C42955AE8400C8AC4D /* NoteViewController.xib */; };
		2CEEC8C82955AEF700C8AC4D /* NotePresenter.swift in Sources */ = {isa = PBXBuildFile; fileRef = 2CEEC8C72955AEF700C8AC4D /* NotePresenter.swift */; };
		2CEEC8CA2955AF0400C8AC4D /* NoteInteractor.swift in Sources */ = {isa = PBXBuildFile; fileRef = 2CEEC8C92955AF0400C8AC4D /* NoteInteractor.swift */; };
		2CEEC8CC2955AF1200C8AC4D /* NoteRouter.swift in Sources */ = {isa = PBXBuildFile; fileRef = 2CEEC8CB2955AF1200C8AC4D /* NoteRouter.swift */; };
		2CEEC8CE2955AF2400C8AC4D /* NoteConfigurator.swift in Sources */ = {isa = PBXBuildFile; fileRef = 2CEEC8CD2955AF2400C8AC4D /* NoteConfigurator.swift */; };
		2CF4DBB62956318800B57C4C /* UIAlertController+CustomController.swift in Sources */ = {isa = PBXBuildFile; fileRef = 2CF4DBB52956318800B57C4C /* UIAlertController+CustomController.swift */; };
		2CF4DBB829563B6F00B57C4C /* FirstStartAppService.swift in Sources */ = {isa = PBXBuildFile; fileRef = 2CF4DBB729563B6F00B57C4C /* FirstStartAppService.swift */; };
		9D34A6453D76F03DA7A9C783 /* Pods_Notes.framework in Frameworks */ = {isa = PBXBuildFile; fileRef = 04C6D7CB4F05A8A5387F7822 /* Pods_Notes.framework */; };
/* End PBXBuildFile section */

/* Begin PBXFileReference section */
		04C6D7CB4F05A8A5387F7822 /* Pods_Notes.framework */ = {isa = PBXFileReference; explicitFileType = wrapper.framework; includeInIndex = 0; path = Pods_Notes.framework; sourceTree = BUILT_PRODUCTS_DIR; };
		2C30529729548D7800820B3F /* ServiceAssembly.swift */ = {isa = PBXFileReference; lastKnownFileType = sourcecode.swift; path = ServiceAssembly.swift; sourceTree = "<group>"; };
		2C30529929548DAB00820B3F /* CoreDataService.swift */ = {isa = PBXFileReference; lastKnownFileType = sourcecode.swift; path = CoreDataService.swift; sourceTree = "<group>"; };
		2C30529C29548FC100820B3F /* NoteModel.swift */ = {isa = PBXFileReference; lastKnownFileType = sourcecode.swift; path = NoteModel.swift; sourceTree = "<group>"; };
		2C30529F2954919700820B3F /* ConsoleLogger.swift */ = {isa = PBXFileReference; lastKnownFileType = sourcecode.swift; path = ConsoleLogger.swift; sourceTree = "<group>"; };
		2C3052A12954A1CE00820B3F /* NoteListFetchedResultsManager.swift */ = {isa = PBXFileReference; lastKnownFileType = sourcecode.swift; path = NoteListFetchedResultsManager.swift; sourceTree = "<group>"; };
		2C3052A32954A33200820B3F /* NoteListCell.swift */ = {isa = PBXFileReference; lastKnownFileType = sourcecode.swift; path = NoteListCell.swift; sourceTree = "<group>"; };
		2C3052A52954A5A000820B3F /* NoteListDataSourceProvider.swift */ = {isa = PBXFileReference; lastKnownFileType = sourcecode.swift; path = NoteListDataSourceProvider.swift; sourceTree = "<group>"; };
		2C3052A82954A68200820B3F /* UIImage+GraphicsImageRenderer.swift */ = {isa = PBXFileReference; lastKnownFileType = sourcecode.swift; path = "UIImage+GraphicsImageRenderer.swift"; sourceTree = "<group>"; };
		2C50379A2953957D00493908 /* .gitignore */ = {isa = PBXFileReference; fileEncoding = 4; lastKnownFileType = text; path = .gitignore; sourceTree = "<group>"; };
		2C50379C295396DC00493908 /* .swiftlint.yml */ = {isa = PBXFileReference; fileEncoding = 4; lastKnownFileType = text.yaml; path = .swiftlint.yml; sourceTree = "<group>"; };
		2C69902C2958BCD600946838 /* FontModel.swift */ = {isa = PBXFileReference; lastKnownFileType = sourcecode.swift; path = FontModel.swift; sourceTree = "<group>"; };
		2C69902F2958DF3E00946838 /* PickerViewDataSource.swift */ = {isa = PBXFileReference; lastKnownFileType = sourcecode.swift; path = PickerViewDataSource.swift; sourceTree = "<group>"; };
		2C7B8C5B2959CA55001C3ADB /* SplashScreenViewController.swift */ = {isa = PBXFileReference; lastKnownFileType = sourcecode.swift; path = SplashScreenViewController.swift; sourceTree = "<group>"; };
		2C7B8C5C2959CA55001C3ADB /* SplashScreenViewController.xib */ = {isa = PBXFileReference; lastKnownFileType = file.xib; path = SplashScreenViewController.xib; sourceTree = "<group>"; };
		2C7B8C5F2959CAF1001C3ADB /* SplashScreenPresenter.swift */ = {isa = PBXFileReference; lastKnownFileType = sourcecode.swift; path = SplashScreenPresenter.swift; sourceTree = "<group>"; };
		2C7B8C612959CB7C001C3ADB /* SplashScreenAnimator.swift */ = {isa = PBXFileReference; lastKnownFileType = sourcecode.swift; path = SplashScreenAnimator.swift; sourceTree = "<group>"; };
		2C7B8C632959F628001C3ADB /* README.md */ = {isa = PBXFileReference; lastKnownFileType = net.daringfireball.markdown; path = README.md; sourceTree = "<group>"; };
		2C7B8C652959FC60001C3ADB /* Screenshot001.png */ = {isa = PBXFileReference; lastKnownFileType = image.png; path = Screenshot001.png; sourceTree = "<group>"; };
		2C7B8C662959FC60001C3ADB /* Screenshot002.png */ = {isa = PBXFileReference; lastKnownFileType = image.png; path = Screenshot002.png; sourceTree = "<group>"; };
		2C7B8C672959FC60001C3ADB /* Screenshot000.png */ = {isa = PBXFileReference; lastKnownFileType = image.png; path = Screenshot000.png; sourceTree = "<group>"; };
		2CAD3CFC295380030062660B /* Notes.app */ = {isa = PBXFileReference; explicitFileType = wrapper.application; includeInIndex = 0; path = Notes.app; sourceTree = BUILT_PRODUCTS_DIR; };
		2CAD3CFF295380030062660B /* AppDelegate.swift */ = {isa = PBXFileReference; lastKnownFileType = sourcecode.swift; path = AppDelegate.swift; sourceTree = "<group>"; };
		2CAD3D09295380030062660B /* Notes.xcdatamodel */ = {isa = PBXFileReference; lastKnownFileType = wrapper.xcdatamodel; path = Notes.xcdatamodel; sourceTree = "<group>"; };
		2CAD3D0B295380040062660B /* Assets.xcassets */ = {isa = PBXFileReference; lastKnownFileType = folder.assetcatalog; path = Assets.xcassets; sourceTree = "<group>"; };
		2CAD3D0E295380040062660B /* Base */ = {isa = PBXFileReference; lastKnownFileType = file.storyboard; name = Base; path = Base.lproj/LaunchScreen.storyboard; sourceTree = "<group>"; };
		2CAD3D10295380040062660B /* Info.plist */ = {isa = PBXFileReference; lastKnownFileType = text.plist.xml; path = Info.plist; sourceTree = "<group>"; };
		2CAD3D202953854A0062660B /* NoteListPresenter.swift */ = {isa = PBXFileReference; lastKnownFileType = sourcecode.swift; path = NoteListPresenter.swift; sourceTree = "<group>"; };
		2CAD3D22295385630062660B /* NoteListInteractor.swift */ = {isa = PBXFileReference; lastKnownFileType = sourcecode.swift; path = NoteListInteractor.swift; sourceTree = "<group>"; };
		2CAD3D24295385780062660B /* NoteListRouter.swift */ = {isa = PBXFileReference; lastKnownFileType = sourcecode.swift; path = NoteListRouter.swift; sourceTree = "<group>"; };
		2CAD3D27295385EA0062660B /* NoteListConfigurator.swift */ = {isa = PBXFileReference; lastKnownFileType = sourcecode.swift; path = NoteListConfigurator.swift; sourceTree = "<group>"; };
		2CAD64EB295386BF00F70D72 /* NoteListViewController.swift */ = {isa = PBXFileReference; lastKnownFileType = sourcecode.swift; path = NoteListViewController.swift; sourceTree = "<group>"; };
		2CAD64EC295386BF00F70D72 /* NoteListViewController.xib */ = {isa = PBXFileReference; lastKnownFileType = file.xib; path = NoteListViewController.xib; sourceTree = "<group>"; };
		2CAD64EF29538BD500F70D72 /* PresentationAssembly.swift */ = {isa = PBXFileReference; lastKnownFileType = sourcecode.swift; path = PresentationAssembly.swift; sourceTree = "<group>"; };
		2CEEC8C32955AE8400C8AC4D /* NoteViewController.swift */ = {isa = PBXFileReference; lastKnownFileType = sourcecode.swift; path = NoteViewController.swift; sourceTree = "<group>"; };
		2CEEC8C42955AE8400C8AC4D /* NoteViewController.xib */ = {isa = PBXFileReference; lastKnownFileType = file.xib; path = NoteViewController.xib; sourceTree = "<group>"; };
		2CEEC8C72955AEF700C8AC4D /* NotePresenter.swift */ = {isa = PBXFileReference; lastKnownFileType = sourcecode.swift; path = NotePresenter.swift; sourceTree = "<group>"; };
		2CEEC8C92955AF0400C8AC4D /* NoteInteractor.swift */ = {isa = PBXFileReference; lastKnownFileType = sourcecode.swift; path = NoteInteractor.swift; sourceTree = "<group>"; };
		2CEEC8CB2955AF1200C8AC4D /* NoteRouter.swift */ = {isa = PBXFileReference; lastKnownFileType = sourcecode.swift; path = NoteRouter.swift; sourceTree = "<group>"; };
		2CEEC8CD2955AF2400C8AC4D /* NoteConfigurator.swift */ = {isa = PBXFileReference; lastKnownFileType = sourcecode.swift; path = NoteConfigurator.swift; sourceTree = "<group>"; };
		2CF4DBB52956318800B57C4C /* UIAlertController+CustomController.swift */ = {isa = PBXFileReference; lastKnownFileType = sourcecode.swift; path = "UIAlertController+CustomController.swift"; sourceTree = "<group>"; };
		2CF4DBB729563B6F00B57C4C /* FirstStartAppService.swift */ = {isa = PBXFileReference; lastKnownFileType = sourcecode.swift; path = FirstStartAppService.swift; sourceTree = "<group>"; };
		75B4A678B9667B83E40D08EA /* Pods-Notes.debug.xcconfig */ = {isa = PBXFileReference; includeInIndex = 1; lastKnownFileType = text.xcconfig; name = "Pods-Notes.debug.xcconfig"; path = "Target Support Files/Pods-Notes/Pods-Notes.debug.xcconfig"; sourceTree = "<group>"; };
		A4FA21F721C46568E30CB2AB /* Pods-Notes.release.xcconfig */ = {isa = PBXFileReference; includeInIndex = 1; lastKnownFileType = text.xcconfig; name = "Pods-Notes.release.xcconfig"; path = "Target Support Files/Pods-Notes/Pods-Notes.release.xcconfig"; sourceTree = "<group>"; };
/* End PBXFileReference section */

/* Begin PBXFrameworksBuildPhase section */
		2CAD3CF9295380030062660B /* Frameworks */ = {
			isa = PBXFrameworksBuildPhase;
			buildActionMask = 2147483647;
			files = (
				9D34A6453D76F03DA7A9C783 /* Pods_Notes.framework in Frameworks */,
			);
			runOnlyForDeploymentPostprocessing = 0;
		};
/* End PBXFrameworksBuildPhase section */

/* Begin PBXGroup section */
		2C30529629548D5100820B3F /* ServiceLayer */ = {
			isa = PBXGroup;
			children = (
				2C30529729548D7800820B3F /* ServiceAssembly.swift */,
				2C30529929548DAB00820B3F /* CoreDataService.swift */,
				2CF4DBB729563B6F00B57C4C /* FirstStartAppService.swift */,
			);
			path = ServiceLayer;
			sourceTree = "<group>";
		};
		2C30529B29548FB200820B3F /* Models */ = {
			isa = PBXGroup;
			children = (
				2CAD3D08295380030062660B /* Notes.xcdatamodeld */,
				2C30529C29548FC100820B3F /* NoteModel.swift */,
				2C69902C2958BCD600946838 /* FontModel.swift */,
			);
			path = Models;
			sourceTree = "<group>";
		};
		2C30529E2954916600820B3F /* Supports */ = {
			isa = PBXGroup;
			children = (
				2C3052A72954A66C00820B3F /* Extensions */,
				2C30529F2954919700820B3F /* ConsoleLogger.swift */,
			);
			path = Supports;
			sourceTree = "<group>";
		};
		2C3052A72954A66C00820B3F /* Extensions */ = {
			isa = PBXGroup;
			children = (
				2C3052A82954A68200820B3F /* UIImage+GraphicsImageRenderer.swift */,
				2CF4DBB52956318800B57C4C /* UIAlertController+CustomController.swift */,
			);
			path = Extensions;
			sourceTree = "<group>";
		};
		2C69902E2958DF1C00946838 /* Providers */ = {
			isa = PBXGroup;
			children = (
				2C69902F2958DF3E00946838 /* PickerViewDataSource.swift */,
			);
			path = Providers;
			sourceTree = "<group>";
		};
		2C7B8C5A2959CA21001C3ADB /* SplashScreen */ = {
			isa = PBXGroup;
			children = (
				2C7B8C5C2959CA55001C3ADB /* SplashScreenViewController.xib */,
				2C7B8C5B2959CA55001C3ADB /* SplashScreenViewController.swift */,
				2C7B8C5F2959CAF1001C3ADB /* SplashScreenPresenter.swift */,
				2C7B8C612959CB7C001C3ADB /* SplashScreenAnimator.swift */,
			);
			path = SplashScreen;
			sourceTree = "<group>";
		};
		2C7B8C642959FC34001C3ADB /* Screenshots */ = {
			isa = PBXGroup;
			children = (
				2C7B8C672959FC60001C3ADB /* Screenshot000.png */,
				2C7B8C652959FC60001C3ADB /* Screenshot001.png */,
				2C7B8C662959FC60001C3ADB /* Screenshot002.png */,
			);
			path = Screenshots;
			sourceTree = "<group>";
		};
		2CAD3CF3295380020062660B = {
			isa = PBXGroup;
			children = (
				2C7B8C632959F628001C3ADB /* README.md */,
				2C50379A2953957D00493908 /* .gitignore */,
				2C50379C295396DC00493908 /* .swiftlint.yml */,
				2CAD3CFE295380030062660B /* Notes */,
				2C7B8C642959FC34001C3ADB /* Screenshots */,
				2CAD3CFD295380030062660B /* Products */,
				317CDB5C23C009F4F9C56D01 /* Pods */,
				ADEB8A2CBF2C3303BF3AD5D8 /* Frameworks */,
			);
			sourceTree = "<group>";
		};
		2CAD3CFD295380030062660B /* Products */ = {
			isa = PBXGroup;
			children = (
				2CAD3CFC295380030062660B /* Notes.app */,
			);
			name = Products;
			sourceTree = "<group>";
		};
		2CAD3CFE295380030062660B /* Notes */ = {
			isa = PBXGroup;
			children = (
				2CAD3D10295380040062660B /* Info.plist */,
				2CAD3D16295383780062660B /* Default */,
				2C30529E2954916600820B3F /* Supports */,
				2C30529B29548FB200820B3F /* Models */,
				2C30529629548D5100820B3F /* ServiceLayer */,
				2CAD3D29295386410062660B /* PresentationLayer */,
			);
			path = Notes;
			sourceTree = "<group>";
		};
		2CAD3D16295383780062660B /* Default */ = {
			isa = PBXGroup;
			children = (
				2CAD3D17295383D00062660B /* Recources */,
				2CAD3CFF295380030062660B /* AppDelegate.swift */,
				2CAD3D0D295380040062660B /* LaunchScreen.storyboard */,
			);
			path = Default;
			sourceTree = "<group>";
		};
		2CAD3D17295383D00062660B /* Recources */ = {
			isa = PBXGroup;
			children = (
				2CAD3D0B295380040062660B /* Assets.xcassets */,
			);
			path = Recources;
			sourceTree = "<group>";
		};
		2CAD3D18295384050062660B /* NoteList */ = {
			isa = PBXGroup;
			children = (
				2CAD3D1A295384880062660B /* Providers */,
				2CAD3D1B2953849A0062660B /* Managers */,
				2CAD3D19295384440062660B /* Cells */,
				2CAD64EC295386BF00F70D72 /* NoteListViewController.xib */,
				2CAD64EB295386BF00F70D72 /* NoteListViewController.swift */,
				2CAD3D202953854A0062660B /* NoteListPresenter.swift */,
				2CAD3D22295385630062660B /* NoteListInteractor.swift */,
				2CAD3D24295385780062660B /* NoteListRouter.swift */,
				2CAD3D27295385EA0062660B /* NoteListConfigurator.swift */,
			);
			path = NoteList;
			sourceTree = "<group>";
		};
		2CAD3D19295384440062660B /* Cells */ = {
			isa = PBXGroup;
			children = (
				2C3052A32954A33200820B3F /* NoteListCell.swift */,
			);
			path = Cells;
			sourceTree = "<group>";
		};
		2CAD3D1A295384880062660B /* Providers */ = {
			isa = PBXGroup;
			children = (
				2C3052A52954A5A000820B3F /* NoteListDataSourceProvider.swift */,
			);
			path = Providers;
			sourceTree = "<group>";
		};
		2CAD3D1B2953849A0062660B /* Managers */ = {
			isa = PBXGroup;
			children = (
				2C3052A12954A1CE00820B3F /* NoteListFetchedResultsManager.swift */,
			);
			path = Managers;
			sourceTree = "<group>";
		};
		2CAD3D29295386410062660B /* PresentationLayer */ = {
			isa = PBXGroup;
			children = (
				2CAD64EF29538BD500F70D72 /* PresentationAssembly.swift */,
				2C7B8C5A2959CA21001C3ADB /* SplashScreen */,
				2CAD3D18295384050062660B /* NoteList */,
				2CEEC8C22955AE5D00C8AC4D /* Note */,
			);
			path = PresentationLayer;
			sourceTree = "<group>";
		};
		2CEEC8C22955AE5D00C8AC4D /* Note */ = {
			isa = PBXGroup;
			children = (
				2C69902E2958DF1C00946838 /* Providers */,
				2CEEC8C42955AE8400C8AC4D /* NoteViewController.xib */,
				2CEEC8C32955AE8400C8AC4D /* NoteViewController.swift */,
				2CEEC8C72955AEF700C8AC4D /* NotePresenter.swift */,
				2CEEC8C92955AF0400C8AC4D /* NoteInteractor.swift */,
				2CEEC8CB2955AF1200C8AC4D /* NoteRouter.swift */,
				2CEEC8CD2955AF2400C8AC4D /* NoteConfigurator.swift */,
			);
			path = Note;
			sourceTree = "<group>";
		};
		317CDB5C23C009F4F9C56D01 /* Pods */ = {
			isa = PBXGroup;
			children = (
				75B4A678B9667B83E40D08EA /* Pods-Notes.debug.xcconfig */,
				A4FA21F721C46568E30CB2AB /* Pods-Notes.release.xcconfig */,
			);
			path = Pods;
			sourceTree = "<group>";
		};
		ADEB8A2CBF2C3303BF3AD5D8 /* Frameworks */ = {
			isa = PBXGroup;
			children = (
				04C6D7CB4F05A8A5387F7822 /* Pods_Notes.framework */,
			);
			name = Frameworks;
			sourceTree = "<group>";
		};
/* End PBXGroup section */

/* Begin PBXNativeTarget section */
		2CAD3CFB295380030062660B /* Notes */ = {
			isa = PBXNativeTarget;
			buildConfigurationList = 2CAD3D13295380040062660B /* Build configuration list for PBXNativeTarget "Notes" */;
			buildPhases = (
				2C50379E2953973700493908 /* Run Swiftlint */,
				3665AE0A6B4E8FA845331D79 /* [CP] Check Pods Manifest.lock */,
				2CAD3CF8295380030062660B /* Sources */,
				2CAD3CF9295380030062660B /* Frameworks */,
				2CAD3CFA295380030062660B /* Resources */,
			);
			buildRules = (
			);
			dependencies = (
			);
			name = Notes;
			productName = Notes;
			productReference = 2CAD3CFC295380030062660B /* Notes.app */;
			productType = "com.apple.product-type.application";
		};
/* End PBXNativeTarget section */

/* Begin PBXProject section */
		2CAD3CF4295380020062660B /* Project object */ = {
			isa = PBXProject;
			attributes = {
				BuildIndependentTargetsInParallel = 1;
				LastSwiftUpdateCheck = 1410;
				LastUpgradeCheck = 1410;
				TargetAttributes = {
					2CAD3CFB295380030062660B = {
						CreatedOnToolsVersion = 14.1;
					};
				};
			};
			buildConfigurationList = 2CAD3CF7295380020062660B /* Build configuration list for PBXProject "Notes" */;
			compatibilityVersion = "Xcode 14.0";
			developmentRegion = en;
			hasScannedForEncodings = 0;
			knownRegions = (
				en,
				Base,
			);
			mainGroup = 2CAD3CF3295380020062660B;
			productRefGroup = 2CAD3CFD295380030062660B /* Products */;
			projectDirPath = "";
			projectRoot = "";
			targets = (
				2CAD3CFB295380030062660B /* Notes */,
			);
		};
/* End PBXProject section */

/* Begin PBXResourcesBuildPhase section */
		2CAD3CFA295380030062660B /* Resources */ = {
			isa = PBXResourcesBuildPhase;
			buildActionMask = 2147483647;
			files = (
				2C50379D295396DC00493908 /* .swiftlint.yml in Resources */,
				2C50379B2953957D00493908 /* .gitignore in Resources */,
				2CAD3D0F295380040062660B /* LaunchScreen.storyboard in Resources */,
				2C7B8C692959FC60001C3ADB /* Screenshot002.png in Resources */,
				2C7B8C682959FC60001C3ADB /* Screenshot001.png in Resources */,
				2CAD3D0C295380040062660B /* Assets.xcassets in Resources */,
				2CEEC8C62955AE8400C8AC4D /* NoteViewController.xib in Resources */,
				2CAD64EE295386BF00F70D72 /* NoteListViewController.xib in Resources */,
				2C7B8C6A2959FC60001C3ADB /* Screenshot000.png in Resources */,
				2C7B8C5E2959CA55001C3ADB /* SplashScreenViewController.xib in Resources */,
			);
			runOnlyForDeploymentPostprocessing = 0;
		};
/* End PBXResourcesBuildPhase section */

/* Begin PBXShellScriptBuildPhase section */
		2C50379E2953973700493908 /* Run Swiftlint */ = {
			isa = PBXShellScriptBuildPhase;
			alwaysOutOfDate = 1;
			buildActionMask = 2147483647;
			files = (
			);
			inputFileListPaths = (
			);
			inputPaths = (
			);
			name = "Run Swiftlint";
			outputFileListPaths = (
			);
			outputPaths = (
			);
			runOnlyForDeploymentPostprocessing = 0;
			shellPath = /bin/sh;
			shellScript = "${PODS_ROOT}/SwiftLint/swiftlint\n";
		};
		3665AE0A6B4E8FA845331D79 /* [CP] Check Pods Manifest.lock */ = {
			isa = PBXShellScriptBuildPhase;
			buildActionMask = 2147483647;
			files = (
			);
			inputFileListPaths = (
			);
			inputPaths = (
				"${PODS_PODFILE_DIR_PATH}/Podfile.lock",
				"${PODS_ROOT}/Manifest.lock",
			);
			name = "[CP] Check Pods Manifest.lock";
			outputFileListPaths = (
			);
			outputPaths = (
				"$(DERIVED_FILE_DIR)/Pods-Notes-checkManifestLockResult.txt",
			);
			runOnlyForDeploymentPostprocessing = 0;
			shellPath = /bin/sh;
			shellScript = "diff \"${PODS_PODFILE_DIR_PATH}/Podfile.lock\" \"${PODS_ROOT}/Manifest.lock\" > /dev/null\nif [ $? != 0 ] ; then\n    # print error to STDERR\n    echo \"error: The sandbox is not in sync with the Podfile.lock. Run 'pod install' or update your CocoaPods installation.\" >&2\n    exit 1\nfi\n# This output is used by Xcode 'outputs' to avoid re-running this script phase.\necho \"SUCCESS\" > \"${SCRIPT_OUTPUT_FILE_0}\"\n";
			showEnvVarsInLog = 0;
		};
/* End PBXShellScriptBuildPhase section */

/* Begin PBXSourcesBuildPhase section */
		2CAD3CF8295380030062660B /* Sources */ = {
			isa = PBXSourcesBuildPhase;
			buildActionMask = 2147483647;
			files = (
				2CAD3D212953854A0062660B /* NoteListPresenter.swift in Sources */,
				2CAD64F029538BD500F70D72 /* PresentationAssembly.swift in Sources */,
				2C69902D2958BCD600946838 /* FontModel.swift in Sources */,
				2C7B8C622959CB7C001C3ADB /* SplashScreenAnimator.swift in Sources */,
				2C30529A29548DAB00820B3F /* CoreDataService.swift in Sources */,
				2C3052A62954A5A000820B3F /* NoteListDataSourceProvider.swift in Sources */,
				2CAD64ED295386BF00F70D72 /* NoteListViewController.swift in Sources */,
				2C6990302958DF3E00946838 /* PickerViewDataSource.swift in Sources */,
				2C30529829548D7800820B3F /* ServiceAssembly.swift in Sources */,
				2C7B8C602959CAF1001C3ADB /* SplashScreenPresenter.swift in Sources */,
				2CF4DBB829563B6F00B57C4C /* FirstStartAppService.swift in Sources */,
				2CAD3D28295385EA0062660B /* NoteListConfigurator.swift in Sources */,
				2CAD3D00295380030062660B /* AppDelegate.swift in Sources */,
				2C30529D29548FC100820B3F /* NoteModel.swift in Sources */,
				2CEEC8C52955AE8400C8AC4D /* NoteViewController.swift in Sources */,
				2CEEC8CC2955AF1200C8AC4D /* NoteRouter.swift in Sources */,
				2CAD3D25295385780062660B /* NoteListRouter.swift in Sources */,
				2CAD3D23295385630062660B /* NoteListInteractor.swift in Sources */,
				2C7B8C5D2959CA55001C3ADB /* SplashScreenViewController.swift in Sources */,
				2CF4DBB62956318800B57C4C /* UIAlertController+CustomController.swift in Sources */,
				2CEEC8CE2955AF2400C8AC4D /* NoteConfigurator.swift in Sources */,
				2C3052A22954A1CE00820B3F /* NoteListFetchedResultsManager.swift in Sources */,
				2CEEC8CA2955AF0400C8AC4D /* NoteInteractor.swift in Sources */,
				2C3052A42954A33200820B3F /* NoteListCell.swift in Sources */,
				2C3052A92954A68200820B3F /* UIImage+GraphicsImageRenderer.swift in Sources */,
				2C3052A02954919700820B3F /* ConsoleLogger.swift in Sources */,
				2CEEC8C82955AEF700C8AC4D /* NotePresenter.swift in Sources */,
				2CAD3D0A295380030062660B /* Notes.xcdatamodeld in Sources */,
			);
			runOnlyForDeploymentPostprocessing = 0;
		};
/* End PBXSourcesBuildPhase section */

/* Begin PBXVariantGroup section */
		2CAD3D0D295380040062660B /* LaunchScreen.storyboard */ = {
			isa = PBXVariantGroup;
			children = (
				2CAD3D0E295380040062660B /* Base */,
			);
			name = LaunchScreen.storyboard;
			sourceTree = "<group>";
		};
/* End PBXVariantGroup section */

/* Begin XCBuildConfiguration section */
		2CAD3D11295380040062660B /* Debug */ = {
			isa = XCBuildConfiguration;
			buildSettings = {
				ALWAYS_SEARCH_USER_PATHS = NO;
				CLANG_ANALYZER_NONNULL = YES;
				CLANG_ANALYZER_NUMBER_OBJECT_CONVERSION = YES_AGGRESSIVE;
				CLANG_CXX_LANGUAGE_STANDARD = "gnu++20";
				CLANG_ENABLE_MODULES = YES;
				CLANG_ENABLE_OBJC_ARC = YES;
				CLANG_ENABLE_OBJC_WEAK = YES;
				CLANG_WARN_BLOCK_CAPTURE_AUTORELEASING = YES;
				CLANG_WARN_BOOL_CONVERSION = YES;
				CLANG_WARN_COMMA = YES;
				CLANG_WARN_CONSTANT_CONVERSION = YES;
				CLANG_WARN_DEPRECATED_OBJC_IMPLEMENTATIONS = YES;
				CLANG_WARN_DIRECT_OBJC_ISA_USAGE = YES_ERROR;
				CLANG_WARN_DOCUMENTATION_COMMENTS = YES;
				CLANG_WARN_EMPTY_BODY = YES;
				CLANG_WARN_ENUM_CONVERSION = YES;
				CLANG_WARN_INFINITE_RECURSION = YES;
				CLANG_WARN_INT_CONVERSION = YES;
				CLANG_WARN_NON_LITERAL_NULL_CONVERSION = YES;
				CLANG_WARN_OBJC_IMPLICIT_RETAIN_SELF = YES;
				CLANG_WARN_OBJC_LITERAL_CONVERSION = YES;
				CLANG_WARN_OBJC_ROOT_CLASS = YES_ERROR;
				CLANG_WARN_QUOTED_INCLUDE_IN_FRAMEWORK_HEADER = YES;
				CLANG_WARN_RANGE_LOOP_ANALYSIS = YES;
				CLANG_WARN_STRICT_PROTOTYPES = YES;
				CLANG_WARN_SUSPICIOUS_MOVE = YES;
				CLANG_WARN_UNGUARDED_AVAILABILITY = YES_AGGRESSIVE;
				CLANG_WARN_UNREACHABLE_CODE = YES;
				CLANG_WARN__DUPLICATE_METHOD_MATCH = YES;
				COPY_PHASE_STRIP = NO;
				DEBUG_INFORMATION_FORMAT = dwarf;
				ENABLE_STRICT_OBJC_MSGSEND = YES;
				ENABLE_TESTABILITY = YES;
				GCC_C_LANGUAGE_STANDARD = gnu11;
				GCC_DYNAMIC_NO_PIC = NO;
				GCC_NO_COMMON_BLOCKS = YES;
				GCC_OPTIMIZATION_LEVEL = 0;
				GCC_PREPROCESSOR_DEFINITIONS = (
					"DEBUG=1",
					"$(inherited)",
				);
				GCC_WARN_64_TO_32_BIT_CONVERSION = YES;
				GCC_WARN_ABOUT_RETURN_TYPE = YES_ERROR;
				GCC_WARN_UNDECLARED_SELECTOR = YES;
				GCC_WARN_UNINITIALIZED_AUTOS = YES_AGGRESSIVE;
				GCC_WARN_UNUSED_FUNCTION = YES;
				GCC_WARN_UNUSED_VARIABLE = YES;
				IPHONEOS_DEPLOYMENT_TARGET = 16.1;
				MTL_ENABLE_DEBUG_INFO = INCLUDE_SOURCE;
				MTL_FAST_MATH = YES;
				ONLY_ACTIVE_ARCH = YES;
				SDKROOT = iphoneos;
				SWIFT_ACTIVE_COMPILATION_CONDITIONS = DEBUG;
				SWIFT_OPTIMIZATION_LEVEL = "-Onone";
			};
			name = Debug;
		};
		2CAD3D12295380040062660B /* Release */ = {
			isa = XCBuildConfiguration;
			buildSettings = {
				ALWAYS_SEARCH_USER_PATHS = NO;
				CLANG_ANALYZER_NONNULL = YES;
				CLANG_ANALYZER_NUMBER_OBJECT_CONVERSION = YES_AGGRESSIVE;
				CLANG_CXX_LANGUAGE_STANDARD = "gnu++20";
				CLANG_ENABLE_MODULES = YES;
				CLANG_ENABLE_OBJC_ARC = YES;
				CLANG_ENABLE_OBJC_WEAK = YES;
				CLANG_WARN_BLOCK_CAPTURE_AUTORELEASING = YES;
				CLANG_WARN_BOOL_CONVERSION = YES;
				CLANG_WARN_COMMA = YES;
				CLANG_WARN_CONSTANT_CONVERSION = YES;
				CLANG_WARN_DEPRECATED_OBJC_IMPLEMENTATIONS = YES;
				CLANG_WARN_DIRECT_OBJC_ISA_USAGE = YES_ERROR;
				CLANG_WARN_DOCUMENTATION_COMMENTS = YES;
				CLANG_WARN_EMPTY_BODY = YES;
				CLANG_WARN_ENUM_CONVERSION = YES;
				CLANG_WARN_INFINITE_RECURSION = YES;
				CLANG_WARN_INT_CONVERSION = YES;
				CLANG_WARN_NON_LITERAL_NULL_CONVERSION = YES;
				CLANG_WARN_OBJC_IMPLICIT_RETAIN_SELF = YES;
				CLANG_WARN_OBJC_LITERAL_CONVERSION = YES;
				CLANG_WARN_OBJC_ROOT_CLASS = YES_ERROR;
				CLANG_WARN_QUOTED_INCLUDE_IN_FRAMEWORK_HEADER = YES;
				CLANG_WARN_RANGE_LOOP_ANALYSIS = YES;
				CLANG_WARN_STRICT_PROTOTYPES = YES;
				CLANG_WARN_SUSPICIOUS_MOVE = YES;
				CLANG_WARN_UNGUARDED_AVAILABILITY = YES_AGGRESSIVE;
				CLANG_WARN_UNREACHABLE_CODE = YES;
				CLANG_WARN__DUPLICATE_METHOD_MATCH = YES;
				COPY_PHASE_STRIP = NO;
				DEBUG_INFORMATION_FORMAT = "dwarf-with-dsym";
				ENABLE_NS_ASSERTIONS = NO;
				ENABLE_STRICT_OBJC_MSGSEND = YES;
				GCC_C_LANGUAGE_STANDARD = gnu11;
				GCC_NO_COMMON_BLOCKS = YES;
				GCC_WARN_64_TO_32_BIT_CONVERSION = YES;
				GCC_WARN_ABOUT_RETURN_TYPE = YES_ERROR;
				GCC_WARN_UNDECLARED_SELECTOR = YES;
				GCC_WARN_UNINITIALIZED_AUTOS = YES_AGGRESSIVE;
				GCC_WARN_UNUSED_FUNCTION = YES;
				GCC_WARN_UNUSED_VARIABLE = YES;
				IPHONEOS_DEPLOYMENT_TARGET = 16.1;
				MTL_ENABLE_DEBUG_INFO = NO;
				MTL_FAST_MATH = YES;
				SDKROOT = iphoneos;
				SWIFT_COMPILATION_MODE = wholemodule;
				SWIFT_OPTIMIZATION_LEVEL = "-O";
				VALIDATE_PRODUCT = YES;
			};
			name = Release;
		};
		2CAD3D14295380040062660B /* Debug */ = {
			isa = XCBuildConfiguration;
			baseConfigurationReference = 75B4A678B9667B83E40D08EA /* Pods-Notes.debug.xcconfig */;
			buildSettings = {
				ASSETCATALOG_COMPILER_APPICON_NAME = AppIcon;
				ASSETCATALOG_COMPILER_GLOBAL_ACCENT_COLOR_NAME = AccentColor;
				CODE_SIGN_STYLE = Automatic;
				CURRENT_PROJECT_VERSION = 1;
				DEVELOPMENT_TEAM = B66N983M7Q;
				GENERATE_INFOPLIST_FILE = YES;
				INFOPLIST_FILE = Notes/Info.plist;
				INFOPLIST_KEY_UIApplicationSupportsIndirectInputEvents = YES;
				INFOPLIST_KEY_UILaunchStoryboardName = LaunchScreen.storyboard;
				INFOPLIST_KEY_UIMainStoryboardFile = "";
				INFOPLIST_KEY_UISupportedInterfaceOrientations = UIInterfaceOrientationPortrait;
				INFOPLIST_KEY_UISupportedInterfaceOrientations_iPad = "UIInterfaceOrientationLandscapeLeft UIInterfaceOrientationLandscapeRight UIInterfaceOrientationPortrait UIInterfaceOrientationPortraitUpsideDown";
				LD_RUNPATH_SEARCH_PATHS = (
					"$(inherited)",
					"@executable_path/Frameworks",
				);
				MARKETING_VERSION = 1.0;
				PRODUCT_BUNDLE_IDENTIFIER = ru.zyfunphoto.Notes;
				PRODUCT_NAME = "$(TARGET_NAME)";
				SUPPORTED_PLATFORMS = "iphoneos iphonesimulator";
				SUPPORTS_MACCATALYST = NO;
				SUPPORTS_MAC_DESIGNED_FOR_IPHONE_IPAD = NO;
				SWIFT_EMIT_LOC_STRINGS = YES;
				SWIFT_VERSION = 5.0;
				TARGETED_DEVICE_FAMILY = 1;
			};
			name = Debug;
		};
		2CAD3D15295380040062660B /* Release */ = {
			isa = XCBuildConfiguration;
			baseConfigurationReference = A4FA21F721C46568E30CB2AB /* Pods-Notes.release.xcconfig */;
			buildSettings = {
				ASSETCATALOG_COMPILER_APPICON_NAME = AppIcon;
				ASSETCATALOG_COMPILER_GLOBAL_ACCENT_COLOR_NAME = AccentColor;
				CODE_SIGN_STYLE = Automatic;
				CURRENT_PROJECT_VERSION = 1;
				DEVELOPMENT_TEAM = B66N983M7Q;
				GENERATE_INFOPLIST_FILE = YES;
				INFOPLIST_FILE = Notes/Info.plist;
				INFOPLIST_KEY_UIApplicationSupportsIndirectInputEvents = YES;
				INFOPLIST_KEY_UILaunchStoryboardName = LaunchScreen.storyboard;
				INFOPLIST_KEY_UIMainStoryboardFile = "";
				INFOPLIST_KEY_UISupportedInterfaceOrientations = UIInterfaceOrientationPortrait;
				INFOPLIST_KEY_UISupportedInterfaceOrientations_iPad = "UIInterfaceOrientationLandscapeLeft UIInterfaceOrientationLandscapeRight UIInterfaceOrientationPortrait UIInterfaceOrientationPortraitUpsideDown";
				LD_RUNPATH_SEARCH_PATHS = (
					"$(inherited)",
					"@executable_path/Frameworks",
				);
				MARKETING_VERSION = 1.0;
				PRODUCT_BUNDLE_IDENTIFIER = ru.zyfunphoto.Notes;
				PRODUCT_NAME = "$(TARGET_NAME)";
				SUPPORTED_PLATFORMS = "iphoneos iphonesimulator";
				SUPPORTS_MACCATALYST = NO;
				SUPPORTS_MAC_DESIGNED_FOR_IPHONE_IPAD = NO;
				SWIFT_EMIT_LOC_STRINGS = YES;
				SWIFT_VERSION = 5.0;
				TARGETED_DEVICE_FAMILY = 1;
			};
			name = Release;
		};
/* End XCBuildConfiguration section */

/* Begin XCConfigurationList section */
		2CAD3CF7295380020062660B /* Build configuration list for PBXProject "Notes" */ = {
			isa = XCConfigurationList;
			buildConfigurations = (
				2CAD3D11295380040062660B /* Debug */,
				2CAD3D12295380040062660B /* Release */,
			);
			defaultConfigurationIsVisible = 0;
			defaultConfigurationName = Release;
		};
		2CAD3D13295380040062660B /* Build configuration list for PBXNativeTarget "Notes" */ = {
			isa = XCConfigurationList;
			buildConfigurations = (
				2CAD3D14295380040062660B /* Debug */,
				2CAD3D15295380040062660B /* Release */,
			);
			defaultConfigurationIsVisible = 0;
			defaultConfigurationName = Release;
		};
/* End XCConfigurationList section */

/* Begin XCVersionGroup section */
		2CAD3D08295380030062660B /* Notes.xcdatamodeld */ = {
			isa = XCVersionGroup;
			children = (
				2CAD3D09295380030062660B /* Notes.xcdatamodel */,
			);
			currentVersion = 2CAD3D09295380030062660B /* Notes.xcdatamodel */;
			path = Notes.xcdatamodeld;
			sourceTree = "<group>";
			versionGroupType = wrapper.xcdatamodel;
		};
/* End XCVersionGroup section */
	};
	rootObject = 2CAD3CF4295380020062660B /* Project object */;
}
